
Microsoft Visual Studio Solution File, Format Version 12.00
# Visual Studio 2013
VisualStudioVersion = 12.0.31101.0
MinimumVisualStudioVersion = 10.0.40219.1
Project("{FAE04EC0-301F-11D3-BF4B-00C04F79EFBC}") = "BookingRequestsProcessor", "BookingRequestsProcessor\BookingRequestsProcessor.csproj", "{7F58ADD0-837E-48CD-9093-3A55E64FA381}"
EndProject
Project("{FAE04EC0-301F-11D3-BF4B-00C04F79EFBC}") = "DataAccessLayer", "DataAccessLayer\DataAccessLayer.csproj", "{8B345132-F523-4B3A-A4CB-E41CC165DFFE}"
EndProject
Project("{FAE04EC0-301F-11D3-BF4B-00C04F79EFBC}") = "BackOfficeWeb", "BackOfficeWeb\BackOfficeWeb.csproj", "{B0A9A944-F7AC-410F-9491-BAA30C751824}"
EndProject
Global
	GlobalSection(SolutionConfigurationPlatforms) = preSolution
		Debug|Any CPU = Debug|Any CPU
		Release|Any CPU = Release|Any CPU
	EndGlobalSection
	GlobalSection(ProjectConfigurationPlatforms) = postSolution
		{7F58ADD0-837E-48CD-9093-3A55E64FA381}.Debug|Any CPU.ActiveCfg = Debug|Any CPU
		{7F58ADD0-837E-48CD-9093-3A55E64FA381}.Debug|Any CPU.Build.0 = Debug|Any CPU
		{7F58ADD0-837E-48CD-9093-3A55E64FA381}.Release|Any CPU.ActiveCfg = Release|Any CPU
		{7F58ADD0-837E-48CD-9093-3A55E64FA381}.Release|Any CPU.Build.0 = Release|Any CPU
		{8B345132-F523-4B3A-A4CB-E41CC165DFFE}.Debug|Any CPU.ActiveCfg = Debug|Any CPU
		{8B345132-F523-4B3A-A4CB-E41CC165DFFE}.Debug|Any CPU.Build.0 = Debug|Any CPU
		{8B345132-F523-4B3A-A4CB-E41CC165DFFE}.Release|Any CPU.ActiveCfg = Release|Any CPU
		{8B345132-F523-4B3A-A4CB-E41CC165DFFE}.Release|Any CPU.Build.0 = Release|Any CPU
		{B0A9A944-F7AC-410F-9491-BAA30C751824}.Debug|Any CPU.ActiveCfg = Debug|Any CPU
		{B0A9A944-F7AC-410F-9491-BAA30C751824}.Debug|Any CPU.Build.0 = Debug|Any CPU
		{B0A9A944-F7AC-410F-9491-BAA30C751824}.Release|Any CPU.ActiveCfg = Release|Any CPU
		{B0A9A944-F7AC-410F-9491-BAA30C751824}.Release|Any CPU.Build.0 = Release|Any CPU
	EndGlobalSection
	GlobalSection(SolutionProperties) = preSolution
		HideSolutionNode = FALSE
	EndGlobalSection
EndGlobal
